{
    "name": "avalon-file-upload",
    "version": "1.0.0",
    "lockfileVersion": 1,
    "requires": true,
    "dependencies": {
        "avalon-front-end-infrastructure": {
            "version": "github:tingting-io/avalon-front-end-infrastructure#ab116bcbe3fc44647f8132d0561011d09de958b2"
        }
    }
}
